{
  "name": "noisegate-hermes",
  "version": "0.3.1",
  "lockfileVersion": 3,
  "requires": true,
  "packages": {
    "": {
      "name": "noisegate-hermes",
      "version": "0.3.1",
      "license": "MIT",
      "bin": {
        "noisegate": "bin/noisegate-hermes-installer.js",
        "noisegate-hermes": "bin/noisegate-hermes-installer.js",
        "noisegate-hermes-installer": "bin/noisegate-hermes-installer.js"
      },
      "engines": {
        "node": ">=18"
      }
    }
  }
}
